
Microsoft Visual Studio Solution File, Format Version 12.00
# Visual Studio Version 16
VisualStudioVersion = 16.0.31321.278
MinimumVisualStudioVersion = 10.0.40219.1
Project("{FAE04EC0-301F-11D3-BF4B-00C04F79EFBC}") = "ImageResizer", "ImageResizer.csproj", "{DCC1E223-DBEC-489B-8454-C60B0FA9E8EF}"
EndProject
Global
	GlobalSection(SolutionConfigurationPlatforms) = preSolution
		Debug|Any CPU = Debug|Any CPU
		Release|Any CPU = Release|Any CPU
	EndGlobalSection
	GlobalSection(ProjectConfigurationPlatforms) = postSolution
		{DCC1E223-DBEC-489B-8454-C60B0FA9E8EF}.Debug|Any CPU.ActiveCfg = Debug|Any CPU
		{DCC1E223-DBEC-489B-8454-C60B0FA9E8EF}.Debug|Any CPU.Build.0 = Debug|Any CPU
		{DCC1E223-DBEC-489B-8454-C60B0FA9E8EF}.Release|Any CPU.ActiveCfg = Release|Any CPU
		{DCC1E223-DBEC-489B-8454-C60B0FA9E8EF}.Release|Any CPU.Build.0 = Release|Any CPU
	EndGlobalSection
	GlobalSection(SolutionProperties) = preSolution
		HideSolutionNode = FALSE
	EndGlobalSection
	GlobalSection(ExtensibilityGlobals) = postSolution
		SolutionGuid = {63B3CF94-9B1B-4448-A4DE-49EFA6B82BFE}
	EndGlobalSection
EndGlobal
